// !$*UTF8*$!
{
	archiveVersion = 1;
	classes = {
	};
	objectVersion = 56;
	objects = {

/* Begin PBXBuildFile section */
		8B3F7C5A2CA0E5A200716E29 /* PHPickerWrapper.swift in Sources */ = {isa = PBXBuildFile; fileRef = 8B3F7C592CA0E5A200716E29 /* PHPickerWrapper.swift */; };
		8B3F7C5E2CA0EDB100716E29 /* UploadView.swift in Sources */ = {isa = PBXBuildFile; fileRef = 8B3F7C5D2CA0EDB100716E29 /* UploadView.swift */; };
		8B3F7C602CA0EE4900716E29 /* PageSheetWrapper.swift in Sources */ = {isa = PBXBuildFile; fileRef = 8B3F7C5F2CA0EE4900716E29 /* PageSheetWrapper.swift */; };
		8B3F7C632CA138C400716E29 /* RealmRepository.swift in Sources */ = {isa = PBXBuildFile; fileRef = 8B3F7C622CA138C400716E29 /* RealmRepository.swift */; };
		8B65008E2C986CFE00D924E9 /* PostItData.swift in Sources */ = {isa = PBXBuildFile; fileRef = 8B65008D2C986CFE00D924E9 /* PostItData.swift */; };
		8B6500902C9AAC8F00D924E9 /* MissionData.swift in Sources */ = {isa = PBXBuildFile; fileRef = 8B65008F2C9AAC8F00D924E9 /* MissionData.swift */; };
		8B6500932C9B8F7000D924E9 /* Shapes.swift in Sources */ = {isa = PBXBuildFile; fileRef = 8B6500922C9B8F7000D924E9 /* Shapes.swift */; };
		8B7B13EB2C93CC0D00AFE31F /* Date+.swift in Sources */ = {isa = PBXBuildFile; fileRef = 8B7B13EA2C93CC0D00AFE31F /* Date+.swift */; };
		8B8012962C93185000E8AADD /* MorningGloryApp.swift in Sources */ = {isa = PBXBuildFile; fileRef = 8B8012952C93185000E8AADD /* MorningGloryApp.swift */; };
		8B8012982C93185000E8AADD /* TabBarView.swift in Sources */ = {isa = PBXBuildFile; fileRef = 8B8012972C93185000E8AADD /* TabBarView.swift */; };
		8B80129A2C93185200E8AADD /* Assets.xcassets in Resources */ = {isa = PBXBuildFile; fileRef = 8B8012992C93185200E8AADD /* Assets.xcassets */; };
		8B80129D2C93185200E8AADD /* Preview Assets.xcassets in Resources */ = {isa = PBXBuildFile; fileRef = 8B80129C2C93185200E8AADD /* Preview Assets.xcassets */; };
		8B8012A52C9318B400E8AADD /* Color+.swift in Sources */ = {isa = PBXBuildFile; fileRef = 8B8012A42C9318B400E8AADD /* Color+.swift */; };
		8B8012A82C9319BA00E8AADD /* CalendarView.swift in Sources */ = {isa = PBXBuildFile; fileRef = 8B8012A72C9319BA00E8AADD /* CalendarView.swift */; };
		8B8012AA2C931C0100E8AADD /* ToDoView.swift in Sources */ = {isa = PBXBuildFile; fileRef = 8B8012A92C931C0100E8AADD /* ToDoView.swift */; };
		8B8012AE2C931C3700E8AADD /* UserInfoView.swift in Sources */ = {isa = PBXBuildFile; fileRef = 8B8012AD2C931C3700E8AADD /* UserInfoView.swift */; };
		8B8012B12C931CFB00E8AADD /* PostView.swift in Sources */ = {isa = PBXBuildFile; fileRef = 8B8012B02C931CFB00E8AADD /* PostView.swift */; };
		8B8012B42C931F4700E8AADD /* DateValue.swift in Sources */ = {isa = PBXBuildFile; fileRef = 8B8012B32C931F4700E8AADD /* DateValue.swift */; };
		8B81DBB92CA18EA600274D28 /* TextViewWrapper.swift in Sources */ = {isa = PBXBuildFile; fileRef = 8B81DBB82CA18EA600274D28 /* TextViewWrapper.swift */; };
		8B81DBBB2CA195B400274D28 /* PostData.swift in Sources */ = {isa = PBXBuildFile; fileRef = 8B81DBBA2CA195B400274D28 /* PostData.swift */; };
		8B81DBBD2CA223C500274D28 /* TextFieldView.swift in Sources */ = {isa = PBXBuildFile; fileRef = 8B81DBBC2CA223C500274D28 /* TextFieldView.swift */; };
		8B81DBC02CA22A1300274D28 /* UploadVM.swift in Sources */ = {isa = PBXBuildFile; fileRef = 8B81DBBF2CA22A1300274D28 /* UploadVM.swift */; };
		8B81DBC32CA2CEF100274D28 /* Hakgyoansim Dunggeunmiso OTF R.otf in Resources */ = {isa = PBXBuildFile; fileRef = 8B81DBC22CA2CEF100274D28 /* Hakgyoansim Dunggeunmiso OTF R.otf */; };
		8B81DBC62CA2D13300274D28 /* Text+.swift in Sources */ = {isa = PBXBuildFile; fileRef = 8B81DBC52CA2D13300274D28 /* Text+.swift */; };
		8B81DBC82CA2DE9D00274D28 /* Hakgyoansim Dunggeunmiso OTF B.otf in Resources */ = {isa = PBXBuildFile; fileRef = 8B81DBC72CA2DE9D00274D28 /* Hakgyoansim Dunggeunmiso OTF B.otf */; };
		8B81DBCA2CA3F93B00274D28 /* FullView.swift in Sources */ = {isa = PBXBuildFile; fileRef = 8B81DBC92CA3F93B00274D28 /* FullView.swift */; };
		8B81DBCC2CA3F9DB00274D28 /* ShortView.swift in Sources */ = {isa = PBXBuildFile; fileRef = 8B81DBCB2CA3F9DB00274D28 /* ShortView.swift */; };
		8B9353CB2C9BBD5400B61053 /* ToastMessageWrapper.swift in Sources */ = {isa = PBXBuildFile; fileRef = 8B9353CA2C9BBD5400B61053 /* ToastMessageWrapper.swift */; };
		8B9353CE2C9BBF8000B61053 /* ToastComponents.swift in Sources */ = {isa = PBXBuildFile; fileRef = 8B9353CD2C9BBF8000B61053 /* ToastComponents.swift */; };
		8B9353D02C9BCB0C00B61053 /* Image+.swift in Sources */ = {isa = PBXBuildFile; fileRef = 8B9353CF2C9BCB0C00B61053 /* Image+.swift */; };
		8B9353DF2C9BF83400B61053 /* GoogleService-Info.plist in Resources */ = {isa = PBXBuildFile; fileRef = 8B9353DE2C9BF83400B61053 /* GoogleService-Info.plist */; };
		8B9353E42C9C0C8C00B61053 /* ToDoVM.swift in Sources */ = {isa = PBXBuildFile; fileRef = 8B9353E32C9C0C8C00B61053 /* ToDoVM.swift */; };
		8B9632052C9D06BB005DF6FB /* CalendarVM.swift in Sources */ = {isa = PBXBuildFile; fileRef = 8B9632042C9D06BB005DF6FB /* CalendarVM.swift */; };
		8B9632082C9D06FC005DF6FB /* ViewModelType.swift in Sources */ = {isa = PBXBuildFile; fileRef = 8B9632072C9D06FC005DF6FB /* ViewModelType.swift */; };
		8B96320A2C9D4D93005DF6FB /* MissionListView.swift in Sources */ = {isa = PBXBuildFile; fileRef = 8B9632092C9D4D93005DF6FB /* MissionListView.swift */; };
		8BA3D8422CA55B580020D5B1 /* RealmSwift in Frameworks */ = {isa = PBXBuildFile; productRef = 8BA3D8412CA55B580020D5B1 /* RealmSwift */; };
		8BA3D8452CA55B710020D5B1 /* Toast in Frameworks */ = {isa = PBXBuildFile; productRef = 8BA3D8442CA55B710020D5B1 /* Toast */; };
		8BA3D8482CA55B810020D5B1 /* Alamofire in Frameworks */ = {isa = PBXBuildFile; productRef = 8BA3D8472CA55B810020D5B1 /* Alamofire */; };
		8BA3D84B2CA55B8B0020D5B1 /* IQKeyboardManagerSwift in Frameworks */ = {isa = PBXBuildFile; productRef = 8BA3D84A2CA55B8B0020D5B1 /* IQKeyboardManagerSwift */; };
		8BA3D84E2CA55BB50020D5B1 /* FirebaseAnalyticsWithoutAdIdSupport in Frameworks */ = {isa = PBXBuildFile; productRef = 8BA3D84D2CA55BB50020D5B1 /* FirebaseAnalyticsWithoutAdIdSupport */; };
		8BA3D8502CA55BB50020D5B1 /* FirebaseCrashlytics in Frameworks */ = {isa = PBXBuildFile; productRef = 8BA3D84F2CA55BB50020D5B1 /* FirebaseCrashlytics */; };
		8BA3D8532CA55C910020D5B1 /* PopupView in Frameworks */ = {isa = PBXBuildFile; productRef = 8BA3D8522CA55C910020D5B1 /* PopupView */; };
		8BA3D8542CA672D80020D5B1 /* RealmSwift in Embed Frameworks */ = {isa = PBXBuildFile; productRef = 8BA3D8412CA55B580020D5B1 /* RealmSwift */; settings = {ATTRIBUTES = (CodeSignOnCopy, ); }; };
		8BA3D8572CA691F60020D5B1 /* UserSettingView.swift in Sources */ = {isa = PBXBuildFile; fileRef = 8BA3D8562CA691F60020D5B1 /* UserSettingView.swift */; };
		8BC463A62C93D67100701B4B /* RandomFamousSaying.swift in Sources */ = {isa = PBXBuildFile; fileRef = 8BC463A52C93D67100701B4B /* RandomFamousSaying.swift */; };
		8BC463AE2C93D80900701B4B /* .gitignore in Resources */ = {isa = PBXBuildFile; fileRef = 8BC463AD2C93D80900701B4B /* .gitignore */; };
		8BC463B92C93FE6F00701B4B /* UserDefaultsManager.swift in Sources */ = {isa = PBXBuildFile; fileRef = 8BC463B82C93FE6F00701B4B /* UserDefaultsManager.swift */; };
		8BC463BC2C9415FE00701B4B /* TimeCircleWrapper.swift in Sources */ = {isa = PBXBuildFile; fileRef = 8BC463BB2C9415FE00701B4B /* TimeCircleWrapper.swift */; };
		8BC463C32C95335300701B4B /* KeyBoardManager.swift in Sources */ = {isa = PBXBuildFile; fileRef = 8BC463C22C95335300701B4B /* KeyBoardManager.swift */; };
		8BC463C52C959F0900701B4B /* GetWeather.swift in Sources */ = {isa = PBXBuildFile; fileRef = 8BC463C42C959F0900701B4B /* GetWeather.swift */; };
		8BC463C72C959F4800701B4B /* WeatherModel.swift in Sources */ = {isa = PBXBuildFile; fileRef = 8BC463C62C959F4800701B4B /* WeatherModel.swift */; };
		8BC463C92C959F5A00701B4B /* APIKey.swift in Sources */ = {isa = PBXBuildFile; fileRef = 8BC463C82C959F5A00701B4B /* APIKey.swift */; };
		8BC463CB2C95A86700701B4B /* LocationManager.swift in Sources */ = {isa = PBXBuildFile; fileRef = 8BC463CA2C95A86700701B4B /* LocationManager.swift */; };
/* End PBXBuildFile section */

/* Begin PBXCopyFilesBuildPhase section */
		8BC463BE2C946EEA00701B4B /* Embed Frameworks */ = {
			isa = PBXCopyFilesBuildPhase;
			buildActionMask = 2147483647;
			dstPath = "";
			dstSubfolderSpec = 10;
			files = (
				8BA3D8542CA672D80020D5B1 /* RealmSwift in Embed Frameworks */,
			);
			name = "Embed Frameworks";
			runOnlyForDeploymentPostprocessing = 0;
		};
/* End PBXCopyFilesBuildPhase section */

/* Begin PBXFileReference section */
		8B3F7C592CA0E5A200716E29 /* PHPickerWrapper.swift */ = {isa = PBXFileReference; lastKnownFileType = sourcecode.swift; path = PHPickerWrapper.swift; sourceTree = "<group>"; };
		8B3F7C5D2CA0EDB100716E29 /* UploadView.swift */ = {isa = PBXFileReference; lastKnownFileType = sourcecode.swift; path = UploadView.swift; sourceTree = "<group>"; };
		8B3F7C5F2CA0EE4900716E29 /* PageSheetWrapper.swift */ = {isa = PBXFileReference; lastKnownFileType = sourcecode.swift; path = PageSheetWrapper.swift; sourceTree = "<group>"; };
		8B3F7C622CA138C400716E29 /* RealmRepository.swift */ = {isa = PBXFileReference; lastKnownFileType = sourcecode.swift; path = RealmRepository.swift; sourceTree = "<group>"; };
		8B65008D2C986CFE00D924E9 /* PostItData.swift */ = {isa = PBXFileReference; lastKnownFileType = sourcecode.swift; path = PostItData.swift; sourceTree = "<group>"; };
		8B65008F2C9AAC8F00D924E9 /* MissionData.swift */ = {isa = PBXFileReference; lastKnownFileType = sourcecode.swift; path = MissionData.swift; sourceTree = "<group>"; };
		8B6500922C9B8F7000D924E9 /* Shapes.swift */ = {isa = PBXFileReference; lastKnownFileType = sourcecode.swift; path = Shapes.swift; sourceTree = "<group>"; };
		8B7B13EA2C93CC0D00AFE31F /* Date+.swift */ = {isa = PBXFileReference; lastKnownFileType = sourcecode.swift; path = "Date+.swift"; sourceTree = "<group>"; };
		8B8012922C93185000E8AADD /* MorningGlory.app */ = {isa = PBXFileReference; explicitFileType = wrapper.application; includeInIndex = 0; path = MorningGlory.app; sourceTree = BUILT_PRODUCTS_DIR; };
		8B8012952C93185000E8AADD /* MorningGloryApp.swift */ = {isa = PBXFileReference; lastKnownFileType = sourcecode.swift; path = MorningGloryApp.swift; sourceTree = "<group>"; };
		8B8012972C93185000E8AADD /* TabBarView.swift */ = {isa = PBXFileReference; lastKnownFileType = sourcecode.swift; path = TabBarView.swift; sourceTree = "<group>"; };
		8B8012992C93185200E8AADD /* Assets.xcassets */ = {isa = PBXFileReference; lastKnownFileType = folder.assetcatalog; path = Assets.xcassets; sourceTree = "<group>"; };
		8B80129C2C93185200E8AADD /* Preview Assets.xcassets */ = {isa = PBXFileReference; lastKnownFileType = folder.assetcatalog; path = "Preview Assets.xcassets"; sourceTree = "<group>"; };
		8B8012A42C9318B400E8AADD /* Color+.swift */ = {isa = PBXFileReference; lastKnownFileType = sourcecode.swift; path = "Color+.swift"; sourceTree = "<group>"; };
		8B8012A72C9319BA00E8AADD /* CalendarView.swift */ = {isa = PBXFileReference; lastKnownFileType = sourcecode.swift; path = CalendarView.swift; sourceTree = "<group>"; };
		8B8012A92C931C0100E8AADD /* ToDoView.swift */ = {isa = PBXFileReference; lastKnownFileType = sourcecode.swift; path = ToDoView.swift; sourceTree = "<group>"; };
		8B8012AD2C931C3700E8AADD /* UserInfoView.swift */ = {isa = PBXFileReference; lastKnownFileType = sourcecode.swift; path = UserInfoView.swift; sourceTree = "<group>"; };
		8B8012B02C931CFB00E8AADD /* PostView.swift */ = {isa = PBXFileReference; lastKnownFileType = sourcecode.swift; path = PostView.swift; sourceTree = "<group>"; };
		8B8012B32C931F4700E8AADD /* DateValue.swift */ = {isa = PBXFileReference; lastKnownFileType = sourcecode.swift; path = DateValue.swift; sourceTree = "<group>"; };
		8B81DBB82CA18EA600274D28 /* TextViewWrapper.swift */ = {isa = PBXFileReference; lastKnownFileType = sourcecode.swift; path = TextViewWrapper.swift; sourceTree = "<group>"; };
		8B81DBBA2CA195B400274D28 /* PostData.swift */ = {isa = PBXFileReference; lastKnownFileType = sourcecode.swift; path = PostData.swift; sourceTree = "<group>"; };
		8B81DBBC2CA223C500274D28 /* TextFieldView.swift */ = {isa = PBXFileReference; lastKnownFileType = sourcecode.swift; path = TextFieldView.swift; sourceTree = "<group>"; };
		8B81DBBF2CA22A1300274D28 /* UploadVM.swift */ = {isa = PBXFileReference; lastKnownFileType = sourcecode.swift; path = UploadVM.swift; sourceTree = "<group>"; };
		8B81DBC22CA2CEF100274D28 /* Hakgyoansim Dunggeunmiso OTF R.otf */ = {isa = PBXFileReference; lastKnownFileType = file; path = "Hakgyoansim Dunggeunmiso OTF R.otf"; sourceTree = "<group>"; };
		8B81DBC42CA2CF3D00274D28 /* Info.plist */ = {isa = PBXFileReference; lastKnownFileType = text.plist; path = Info.plist; sourceTree = "<group>"; };
		8B81DBC52CA2D13300274D28 /* Text+.swift */ = {isa = PBXFileReference; lastKnownFileType = sourcecode.swift; path = "Text+.swift"; sourceTree = "<group>"; };
		8B81DBC72CA2DE9D00274D28 /* Hakgyoansim Dunggeunmiso OTF B.otf */ = {isa = PBXFileReference; lastKnownFileType = file; path = "Hakgyoansim Dunggeunmiso OTF B.otf"; sourceTree = "<group>"; };
		8B81DBC92CA3F93B00274D28 /* FullView.swift */ = {isa = PBXFileReference; lastKnownFileType = sourcecode.swift; path = FullView.swift; sourceTree = "<group>"; };
		8B81DBCB2CA3F9DB00274D28 /* ShortView.swift */ = {isa = PBXFileReference; lastKnownFileType = sourcecode.swift; path = ShortView.swift; sourceTree = "<group>"; };
		8B9353CA2C9BBD5400B61053 /* ToastMessageWrapper.swift */ = {isa = PBXFileReference; lastKnownFileType = sourcecode.swift; path = ToastMessageWrapper.swift; sourceTree = "<group>"; };
		8B9353CD2C9BBF8000B61053 /* ToastComponents.swift */ = {isa = PBXFileReference; lastKnownFileType = sourcecode.swift; path = ToastComponents.swift; sourceTree = "<group>"; };
		8B9353CF2C9BCB0C00B61053 /* Image+.swift */ = {isa = PBXFileReference; lastKnownFileType = sourcecode.swift; path = "Image+.swift"; sourceTree = "<group>"; };
		8B9353DE2C9BF83400B61053 /* GoogleService-Info.plist */ = {isa = PBXFileReference; fileEncoding = 4; lastKnownFileType = text.plist.xml; path = "GoogleService-Info.plist"; sourceTree = "<group>"; };
		8B9353E32C9C0C8C00B61053 /* ToDoVM.swift */ = {isa = PBXFileReference; lastKnownFileType = sourcecode.swift; path = ToDoVM.swift; sourceTree = "<group>"; };
		8B9632042C9D06BB005DF6FB /* CalendarVM.swift */ = {isa = PBXFileReference; lastKnownFileType = sourcecode.swift; path = CalendarVM.swift; sourceTree = "<group>"; };
		8B9632072C9D06FC005DF6FB /* ViewModelType.swift */ = {isa = PBXFileReference; lastKnownFileType = sourcecode.swift; path = ViewModelType.swift; sourceTree = "<group>"; };
		8B9632092C9D4D93005DF6FB /* MissionListView.swift */ = {isa = PBXFileReference; lastKnownFileType = sourcecode.swift; path = MissionListView.swift; sourceTree = "<group>"; };
		8BA3D8562CA691F60020D5B1 /* UserSettingView.swift */ = {isa = PBXFileReference; lastKnownFileType = sourcecode.swift; path = UserSettingView.swift; sourceTree = "<group>"; };
		8BC463A52C93D67100701B4B /* RandomFamousSaying.swift */ = {isa = PBXFileReference; lastKnownFileType = sourcecode.swift; path = RandomFamousSaying.swift; sourceTree = "<group>"; };
		8BC463AD2C93D80900701B4B /* .gitignore */ = {isa = PBXFileReference; lastKnownFileType = text; path = .gitignore; sourceTree = "<group>"; };
		8BC463B82C93FE6F00701B4B /* UserDefaultsManager.swift */ = {isa = PBXFileReference; lastKnownFileType = sourcecode.swift; path = UserDefaultsManager.swift; sourceTree = "<group>"; };
		8BC463BB2C9415FE00701B4B /* TimeCircleWrapper.swift */ = {isa = PBXFileReference; lastKnownFileType = sourcecode.swift; path = TimeCircleWrapper.swift; sourceTree = "<group>"; };
		8BC463C22C95335300701B4B /* KeyBoardManager.swift */ = {isa = PBXFileReference; lastKnownFileType = sourcecode.swift; path = KeyBoardManager.swift; sourceTree = "<group>"; };
		8BC463C42C959F0900701B4B /* GetWeather.swift */ = {isa = PBXFileReference; lastKnownFileType = sourcecode.swift; path = GetWeather.swift; sourceTree = "<group>"; };
		8BC463C62C959F4800701B4B /* WeatherModel.swift */ = {isa = PBXFileReference; lastKnownFileType = sourcecode.swift; path = WeatherModel.swift; sourceTree = "<group>"; };
		8BC463C82C959F5A00701B4B /* APIKey.swift */ = {isa = PBXFileReference; lastKnownFileType = sourcecode.swift; path = APIKey.swift; sourceTree = "<group>"; };
		8BC463CA2C95A86700701B4B /* LocationManager.swift */ = {isa = PBXFileReference; lastKnownFileType = sourcecode.swift; path = LocationManager.swift; sourceTree = "<group>"; };
/* End PBXFileReference section */

/* Begin PBXFrameworksBuildPhase section */
		8B80128F2C93185000E8AADD /* Frameworks */ = {
			isa = PBXFrameworksBuildPhase;
			buildActionMask = 2147483647;
			files = (
				8BA3D8482CA55B810020D5B1 /* Alamofire in Frameworks */,
				8BA3D8532CA55C910020D5B1 /* PopupView in Frameworks */,
				8BA3D84E2CA55BB50020D5B1 /* FirebaseAnalyticsWithoutAdIdSupport in Frameworks */,
				8BA3D84B2CA55B8B0020D5B1 /* IQKeyboardManagerSwift in Frameworks */,
				8BA3D8502CA55BB50020D5B1 /* FirebaseCrashlytics in Frameworks */,
				8BA3D8452CA55B710020D5B1 /* Toast in Frameworks */,
				8BA3D8422CA55B580020D5B1 /* RealmSwift in Frameworks */,
			);
			runOnlyForDeploymentPostprocessing = 0;
		};
/* End PBXFrameworksBuildPhase section */

/* Begin PBXGroup section */
		8B3F7C612CA138AE00716E29 /* Realm */ = {
			isa = PBXGroup;
			children = (
				8B65008F2C9AAC8F00D924E9 /* MissionData.swift */,
				8B81DBBA2CA195B400274D28 /* PostData.swift */,
				8B3F7C622CA138C400716E29 /* RealmRepository.swift */,
			);
			path = Realm;
			sourceTree = "<group>";
		};
		8B6500912C9B8F5B00D924E9 /* Shapes */ = {
			isa = PBXGroup;
			children = (
				8B6500922C9B8F7000D924E9 /* Shapes.swift */,
			);
			path = Shapes;
			sourceTree = "<group>";
		};
		8B8012892C93185000E8AADD = {
			isa = PBXGroup;
			children = (
				8BC463AD2C93D80900701B4B /* .gitignore */,
				8B8012942C93185000E8AADD /* MorningGlory */,
				8B8012932C93185000E8AADD /* Products */,
			);
			sourceTree = "<group>";
		};
		8B8012932C93185000E8AADD /* Products */ = {
			isa = PBXGroup;
			children = (
				8B8012922C93185000E8AADD /* MorningGlory.app */,
			);
			name = Products;
			sourceTree = "<group>";
		};
		8B8012942C93185000E8AADD /* MorningGlory */ = {
			isa = PBXGroup;
			children = (
				8B81DBC42CA2CF3D00274D28 /* Info.plist */,
				8B8012952C93185000E8AADD /* MorningGloryApp.swift */,
				8B8012A32C9318A900E8AADD /* Extension */,
				8B9632062C9D06E9005DF6FB /* Protocol */,
				8B6500912C9B8F5B00D924E9 /* Shapes */,
				8BC463BA2C9415E700701B4B /* Wrapper */,
				8BC463A42C93D60F00701B4B /* NetWork */,
				8B8012B22C931F3C00E8AADD /* Data */,
				8B81DBC12CA22AA100274D28 /* Display */,
				8B80129B2C93185200E8AADD /* Preview Content */,
				8BC463C82C959F5A00701B4B /* APIKey.swift */,
				8B9353DE2C9BF83400B61053 /* GoogleService-Info.plist */,
				8B81DBC22CA2CEF100274D28 /* Hakgyoansim Dunggeunmiso OTF R.otf */,
				8B81DBC72CA2DE9D00274D28 /* Hakgyoansim Dunggeunmiso OTF B.otf */,
			);
			path = MorningGlory;
			sourceTree = "<group>";
		};
		8B80129B2C93185200E8AADD /* Preview Content */ = {
			isa = PBXGroup;
			children = (
				8B80129C2C93185200E8AADD /* Preview Assets.xcassets */,
			);
			path = "Preview Content";
			sourceTree = "<group>";
		};
		8B8012A32C9318A900E8AADD /* Extension */ = {
			isa = PBXGroup;
			children = (
				8B8012A42C9318B400E8AADD /* Color+.swift */,
				8B7B13EA2C93CC0D00AFE31F /* Date+.swift */,
				8B9353CF2C9BCB0C00B61053 /* Image+.swift */,
				8B81DBC52CA2D13300274D28 /* Text+.swift */,
			);
			path = Extension;
			sourceTree = "<group>";
		};
		8B8012A62C93199F00E8AADD /* CalendarView */ = {
			isa = PBXGroup;
			children = (
				8B8012A72C9319BA00E8AADD /* CalendarView.swift */,
				8B9632092C9D4D93005DF6FB /* MissionListView.swift */,
				8B9632042C9D06BB005DF6FB /* CalendarVM.swift */,
			);
			path = CalendarView;
			sourceTree = "<group>";
		};
		8B8012AB2C931C0600E8AADD /* ToDoView */ = {
			isa = PBXGroup;
			children = (
				8B8012A92C931C0100E8AADD /* ToDoView.swift */,
				8B9353E32C9C0C8C00B61053 /* ToDoVM.swift */,
			);
			path = ToDoView;
			sourceTree = "<group>";
		};
		8B8012AC2C931C2900E8AADD /* UserInfo */ = {
			isa = PBXGroup;
			children = (
				8B8012AD2C931C3700E8AADD /* UserInfoView.swift */,
			);
			path = UserInfo;
			sourceTree = "<group>";
		};
		8B8012AF2C931C4300E8AADD /* PostView */ = {
			isa = PBXGroup;
			children = (
				8B8012B02C931CFB00E8AADD /* PostView.swift */,
				8B81DBC92CA3F93B00274D28 /* FullView.swift */,
				8B81DBCB2CA3F9DB00274D28 /* ShortView.swift */,
			);
			path = PostView;
			sourceTree = "<group>";
		};
		8B8012B22C931F3C00E8AADD /* Data */ = {
			isa = PBXGroup;
			children = (
				8B3F7C612CA138AE00716E29 /* Realm */,
				8BC463CA2C95A86700701B4B /* LocationManager.swift */,
				8B8012B32C931F4700E8AADD /* DateValue.swift */,
				8BC463B82C93FE6F00701B4B /* UserDefaultsManager.swift */,
				8BC463C62C959F4800701B4B /* WeatherModel.swift */,
				8B65008D2C986CFE00D924E9 /* PostItData.swift */,
			);
			path = Data;
			sourceTree = "<group>";
		};
		8B81DBBE2CA22A0000274D28 /* UploadView */ = {
			isa = PBXGroup;
			children = (
				8B3F7C5D2CA0EDB100716E29 /* UploadView.swift */,
				8B81DBBF2CA22A1300274D28 /* UploadVM.swift */,
				8B81DBBC2CA223C500274D28 /* TextFieldView.swift */,
			);
			path = UploadView;
			sourceTree = "<group>";
		};
		8B81DBC12CA22AA100274D28 /* Display */ = {
			isa = PBXGroup;
			children = (
				8BA3D8552CA691E20020D5B1 /* Base */,
				8B8012A62C93199F00E8AADD /* CalendarView */,
				8B8012AB2C931C0600E8AADD /* ToDoView */,
				8B8012AC2C931C2900E8AADD /* UserInfo */,
				8B8012AF2C931C4300E8AADD /* PostView */,
				8B81DBBE2CA22A0000274D28 /* UploadView */,
				8B8012992C93185200E8AADD /* Assets.xcassets */,
			);
			path = Display;
			sourceTree = "<group>";
		};
		8B9353CC2C9BBD6A00B61053 /* Toast */ = {
			isa = PBXGroup;
			children = (
				8B9353CA2C9BBD5400B61053 /* ToastMessageWrapper.swift */,
				8B9353CD2C9BBF8000B61053 /* ToastComponents.swift */,
			);
			path = Toast;
			sourceTree = "<group>";
		};
		8B9632062C9D06E9005DF6FB /* Protocol */ = {
			isa = PBXGroup;
			children = (
				8B9632072C9D06FC005DF6FB /* ViewModelType.swift */,
			);
			path = Protocol;
			sourceTree = "<group>";
		};
		8BA3D8552CA691E20020D5B1 /* Base */ = {
			isa = PBXGroup;
			children = (
				8B8012972C93185000E8AADD /* TabBarView.swift */,
				8BA3D8562CA691F60020D5B1 /* UserSettingView.swift */,
			);
			path = Base;
			sourceTree = "<group>";
		};
		8BC463A42C93D60F00701B4B /* NetWork */ = {
			isa = PBXGroup;
			children = (
				8BC463A52C93D67100701B4B /* RandomFamousSaying.swift */,
				8BC463C42C959F0900701B4B /* GetWeather.swift */,
			);
			path = NetWork;
			sourceTree = "<group>";
		};
		8BC463BA2C9415E700701B4B /* Wrapper */ = {
			isa = PBXGroup;
			children = (
				8B9353CC2C9BBD6A00B61053 /* Toast */,
				8BC463BB2C9415FE00701B4B /* TimeCircleWrapper.swift */,
				8BC463C22C95335300701B4B /* KeyBoardManager.swift */,
				8B3F7C592CA0E5A200716E29 /* PHPickerWrapper.swift */,
				8B3F7C5F2CA0EE4900716E29 /* PageSheetWrapper.swift */,
				8B81DBB82CA18EA600274D28 /* TextViewWrapper.swift */,
			);
			path = Wrapper;
			sourceTree = "<group>";
		};
/* End PBXGroup section */

/* Begin PBXNativeTarget section */
		8B8012912C93185000E8AADD /* MorningGlory */ = {
			isa = PBXNativeTarget;
			buildConfigurationList = 8B8012A02C93185200E8AADD /* Build configuration list for PBXNativeTarget "MorningGlory" */;
			buildPhases = (
				8B80128E2C93185000E8AADD /* Sources */,
				8B80128F2C93185000E8AADD /* Frameworks */,
				8B8012902C93185000E8AADD /* Resources */,
				8BC463BE2C946EEA00701B4B /* Embed Frameworks */,
			);
			buildRules = (
			);
			dependencies = (
			);
			name = MorningGlory;
			packageProductDependencies = (
				8BA3D8412CA55B580020D5B1 /* RealmSwift */,
				8BA3D8442CA55B710020D5B1 /* Toast */,
				8BA3D8472CA55B810020D5B1 /* Alamofire */,
				8BA3D84A2CA55B8B0020D5B1 /* IQKeyboardManagerSwift */,
				8BA3D84D2CA55BB50020D5B1 /* FirebaseAnalyticsWithoutAdIdSupport */,
				8BA3D84F2CA55BB50020D5B1 /* FirebaseCrashlytics */,
				8BA3D8522CA55C910020D5B1 /* PopupView */,
			);
			productName = MorningGlory;
			productReference = 8B8012922C93185000E8AADD /* MorningGlory.app */;
			productType = "com.apple.product-type.application";
		};
/* End PBXNativeTarget section */

/* Begin PBXProject section */
		8B80128A2C93185000E8AADD /* Project object */ = {
			isa = PBXProject;
			attributes = {
				BuildIndependentTargetsInParallel = 1;
				LastSwiftUpdateCheck = 1530;
				LastUpgradeCheck = 1530;
				TargetAttributes = {
					8B8012912C93185000E8AADD = {
						CreatedOnToolsVersion = 15.3;
					};
				};
			};
			buildConfigurationList = 8B80128D2C93185000E8AADD /* Build configuration list for PBXProject "MorningGlory" */;
			compatibilityVersion = "Xcode 14.0";
			developmentRegion = en;
			hasScannedForEncodings = 0;
			knownRegions = (
				en,
				Base,
			);
			mainGroup = 8B8012892C93185000E8AADD;
			packageReferences = (
				8BA3D8402CA55B580020D5B1 /* XCRemoteSwiftPackageReference "realm-swift" */,
				8BA3D8432CA55B710020D5B1 /* XCRemoteSwiftPackageReference "Toast-Swift" */,
				8BA3D8462CA55B810020D5B1 /* XCRemoteSwiftPackageReference "Alamofire" */,
				8BA3D8492CA55B8B0020D5B1 /* XCRemoteSwiftPackageReference "IQKeyboardManager" */,
				8BA3D84C2CA55BB50020D5B1 /* XCRemoteSwiftPackageReference "firebase-ios-sdk" */,
				8BA3D8512CA55C910020D5B1 /* XCRemoteSwiftPackageReference "PopupView" */,
			);
			productRefGroup = 8B8012932C93185000E8AADD /* Products */;
			projectDirPath = "";
			projectRoot = "";
			targets = (
				8B8012912C93185000E8AADD /* MorningGlory */,
			);
		};
/* End PBXProject section */

/* Begin PBXResourcesBuildPhase section */
		8B8012902C93185000E8AADD /* Resources */ = {
			isa = PBXResourcesBuildPhase;
			buildActionMask = 2147483647;
			files = (
				8B80129D2C93185200E8AADD /* Preview Assets.xcassets in Resources */,
				8B9353DF2C9BF83400B61053 /* GoogleService-Info.plist in Resources */,
				8BC463AE2C93D80900701B4B /* .gitignore in Resources */,
				8B80129A2C93185200E8AADD /* Assets.xcassets in Resources */,
				8B81DBC82CA2DE9D00274D28 /* Hakgyoansim Dunggeunmiso OTF B.otf in Resources */,
				8B81DBC32CA2CEF100274D28 /* Hakgyoansim Dunggeunmiso OTF R.otf in Resources */,
			);
			runOnlyForDeploymentPostprocessing = 0;
		};
/* End PBXResourcesBuildPhase section */

/* Begin PBXSourcesBuildPhase section */
		8B80128E2C93185000E8AADD /* Sources */ = {
			isa = PBXSourcesBuildPhase;
			buildActionMask = 2147483647;
			files = (
				8BA3D8572CA691F60020D5B1 /* UserSettingView.swift in Sources */,
				8B9353D02C9BCB0C00B61053 /* Image+.swift in Sources */,
				8B7B13EB2C93CC0D00AFE31F /* Date+.swift in Sources */,
				8BC463CB2C95A86700701B4B /* LocationManager.swift in Sources */,
				8B8012B12C931CFB00E8AADD /* PostView.swift in Sources */,
				8B81DBBD2CA223C500274D28 /* TextFieldView.swift in Sources */,
				8B3F7C602CA0EE4900716E29 /* PageSheetWrapper.swift in Sources */,
				8B3F7C5E2CA0EDB100716E29 /* UploadView.swift in Sources */,
				8B8012982C93185000E8AADD /* TabBarView.swift in Sources */,
				8B8012A52C9318B400E8AADD /* Color+.swift in Sources */,
				8BC463C72C959F4800701B4B /* WeatherModel.swift in Sources */,
				8BC463BC2C9415FE00701B4B /* TimeCircleWrapper.swift in Sources */,
				8B9353E42C9C0C8C00B61053 /* ToDoVM.swift in Sources */,
				8B9632052C9D06BB005DF6FB /* CalendarVM.swift in Sources */,
				8B81DBCC2CA3F9DB00274D28 /* ShortView.swift in Sources */,
				8B9353CB2C9BBD5400B61053 /* ToastMessageWrapper.swift in Sources */,
				8B6500932C9B8F7000D924E9 /* Shapes.swift in Sources */,
				8B9632082C9D06FC005DF6FB /* ViewModelType.swift in Sources */,
				8BC463C52C959F0900701B4B /* GetWeather.swift in Sources */,
				8BC463B92C93FE6F00701B4B /* UserDefaultsManager.swift in Sources */,
				8B81DBCA2CA3F93B00274D28 /* FullView.swift in Sources */,
				8B81DBB92CA18EA600274D28 /* TextViewWrapper.swift in Sources */,
				8B3F7C5A2CA0E5A200716E29 /* PHPickerWrapper.swift in Sources */,
				8B8012A82C9319BA00E8AADD /* CalendarView.swift in Sources */,
				8B65008E2C986CFE00D924E9 /* PostItData.swift in Sources */,
				8B3F7C632CA138C400716E29 /* RealmRepository.swift in Sources */,
				8B96320A2C9D4D93005DF6FB /* MissionListView.swift in Sources */,
				8B8012AE2C931C3700E8AADD /* UserInfoView.swift in Sources */,
				8BC463C92C959F5A00701B4B /* APIKey.swift in Sources */,
				8B81DBC62CA2D13300274D28 /* Text+.swift in Sources */,
				8B9353CE2C9BBF8000B61053 /* ToastComponents.swift in Sources */,
				8B8012B42C931F4700E8AADD /* DateValue.swift in Sources */,
				8B8012962C93185000E8AADD /* MorningGloryApp.swift in Sources */,
				8BC463C32C95335300701B4B /* KeyBoardManager.swift in Sources */,
				8BC463A62C93D67100701B4B /* RandomFamousSaying.swift in Sources */,
				8B6500902C9AAC8F00D924E9 /* MissionData.swift in Sources */,
				8B81DBBB2CA195B400274D28 /* PostData.swift in Sources */,
				8B81DBC02CA22A1300274D28 /* UploadVM.swift in Sources */,
				8B8012AA2C931C0100E8AADD /* ToDoView.swift in Sources */,
			);
			runOnlyForDeploymentPostprocessing = 0;
		};
/* End PBXSourcesBuildPhase section */

/* Begin XCBuildConfiguration section */
		8B80129E2C93185200E8AADD /* Debug */ = {
			isa = XCBuildConfiguration;
			buildSettings = {
				ALWAYS_SEARCH_USER_PATHS = NO;
				ASSETCATALOG_COMPILER_GENERATE_SWIFT_ASSET_SYMBOL_EXTENSIONS = YES;
				BUILD_LIBRARY_FOR_DISTRIBUTION = NO;
				CLANG_ANALYZER_NONNULL = YES;
				CLANG_ANALYZER_NUMBER_OBJECT_CONVERSION = YES_AGGRESSIVE;
				CLANG_CXX_LANGUAGE_STANDARD = "gnu++20";
				CLANG_ENABLE_MODULES = YES;
				CLANG_ENABLE_OBJC_ARC = YES;
				CLANG_ENABLE_OBJC_WEAK = YES;
				CLANG_WARN_BLOCK_CAPTURE_AUTORELEASING = YES;
				CLANG_WARN_BOOL_CONVERSION = YES;
				CLANG_WARN_COMMA = YES;
				CLANG_WARN_CONSTANT_CONVERSION = YES;
				CLANG_WARN_DEPRECATED_OBJC_IMPLEMENTATIONS = YES;
				CLANG_WARN_DIRECT_OBJC_ISA_USAGE = YES_ERROR;
				CLANG_WARN_DOCUMENTATION_COMMENTS = YES;
				CLANG_WARN_EMPTY_BODY = YES;
				CLANG_WARN_ENUM_CONVERSION = YES;
				CLANG_WARN_INFINITE_RECURSION = YES;
				CLANG_WARN_INT_CONVERSION = YES;
				CLANG_WARN_NON_LITERAL_NULL_CONVERSION = YES;
				CLANG_WARN_OBJC_IMPLICIT_RETAIN_SELF = YES;
				CLANG_WARN_OBJC_LITERAL_CONVERSION = YES;
				CLANG_WARN_OBJC_ROOT_CLASS = YES_ERROR;
				CLANG_WARN_QUOTED_INCLUDE_IN_FRAMEWORK_HEADER = YES;
				CLANG_WARN_RANGE_LOOP_ANALYSIS = YES;
				CLANG_WARN_STRICT_PROTOTYPES = YES;
				CLANG_WARN_SUSPICIOUS_MOVE = YES;
				CLANG_WARN_UNGUARDED_AVAILABILITY = YES_AGGRESSIVE;
				CLANG_WARN_UNREACHABLE_CODE = YES;
				CLANG_WARN__DUPLICATE_METHOD_MATCH = YES;
				COPY_PHASE_STRIP = NO;
				DEBUG_INFORMATION_FORMAT = dwarf;
				ENABLE_STRICT_OBJC_MSGSEND = YES;
				ENABLE_TESTABILITY = YES;
				ENABLE_USER_SCRIPT_SANDBOXING = YES;
				GCC_C_LANGUAGE_STANDARD = gnu17;
				GCC_DYNAMIC_NO_PIC = NO;
				GCC_NO_COMMON_BLOCKS = YES;
				GCC_OPTIMIZATION_LEVEL = 0;
				GCC_PREPROCESSOR_DEFINITIONS = (
					"DEBUG=1",
					"$(inherited)",
				);
				GCC_WARN_64_TO_32_BIT_CONVERSION = YES;
				GCC_WARN_ABOUT_RETURN_TYPE = YES_ERROR;
				GCC_WARN_UNDECLARED_SELECTOR = YES;
				GCC_WARN_UNINITIALIZED_AUTOS = YES_AGGRESSIVE;
				GCC_WARN_UNUSED_FUNCTION = YES;
				GCC_WARN_UNUSED_VARIABLE = YES;
				IPHONEOS_DEPLOYMENT_TARGET = 15.0;
				LOCALIZATION_PREFERS_STRING_CATALOGS = YES;
				MTL_ENABLE_DEBUG_INFO = INCLUDE_SOURCE;
				MTL_FAST_MATH = YES;
				ONLY_ACTIVE_ARCH = YES;
				SDKROOT = iphoneos;
				SWIFT_ACTIVE_COMPILATION_CONDITIONS = "DEBUG $(inherited)";
				SWIFT_OPTIMIZATION_LEVEL = "-Onone";
			};
			name = Debug;
		};
		8B80129F2C93185200E8AADD /* Release */ = {
			isa = XCBuildConfiguration;
			buildSettings = {
				ALWAYS_SEARCH_USER_PATHS = NO;
				ASSETCATALOG_COMPILER_GENERATE_SWIFT_ASSET_SYMBOL_EXTENSIONS = YES;
				BUILD_LIBRARY_FOR_DISTRIBUTION = NO;
				CLANG_ANALYZER_NONNULL = YES;
				CLANG_ANALYZER_NUMBER_OBJECT_CONVERSION = YES_AGGRESSIVE;
				CLANG_CXX_LANGUAGE_STANDARD = "gnu++20";
				CLANG_ENABLE_MODULES = YES;
				CLANG_ENABLE_OBJC_ARC = YES;
				CLANG_ENABLE_OBJC_WEAK = YES;
				CLANG_WARN_BLOCK_CAPTURE_AUTORELEASING = YES;
				CLANG_WARN_BOOL_CONVERSION = YES;
				CLANG_WARN_COMMA = YES;
				CLANG_WARN_CONSTANT_CONVERSION = YES;
				CLANG_WARN_DEPRECATED_OBJC_IMPLEMENTATIONS = YES;
				CLANG_WARN_DIRECT_OBJC_ISA_USAGE = YES_ERROR;
				CLANG_WARN_DOCUMENTATION_COMMENTS = YES;
				CLANG_WARN_EMPTY_BODY = YES;
				CLANG_WARN_ENUM_CONVERSION = YES;
				CLANG_WARN_INFINITE_RECURSION = YES;
				CLANG_WARN_INT_CONVERSION = YES;
				CLANG_WARN_NON_LITERAL_NULL_CONVERSION = YES;
				CLANG_WARN_OBJC_IMPLICIT_RETAIN_SELF = YES;
				CLANG_WARN_OBJC_LITERAL_CONVERSION = YES;
				CLANG_WARN_OBJC_ROOT_CLASS = YES_ERROR;
				CLANG_WARN_QUOTED_INCLUDE_IN_FRAMEWORK_HEADER = YES;
				CLANG_WARN_RANGE_LOOP_ANALYSIS = YES;
				CLANG_WARN_STRICT_PROTOTYPES = YES;
				CLANG_WARN_SUSPICIOUS_MOVE = YES;
				CLANG_WARN_UNGUARDED_AVAILABILITY = YES_AGGRESSIVE;
				CLANG_WARN_UNREACHABLE_CODE = YES;
				CLANG_WARN__DUPLICATE_METHOD_MATCH = YES;
				COPY_PHASE_STRIP = NO;
				DEBUG_INFORMATION_FORMAT = "dwarf-with-dsym";
				ENABLE_NS_ASSERTIONS = NO;
				ENABLE_STRICT_OBJC_MSGSEND = YES;
				ENABLE_USER_SCRIPT_SANDBOXING = YES;
				GCC_C_LANGUAGE_STANDARD = gnu17;
				GCC_NO_COMMON_BLOCKS = YES;
				GCC_WARN_64_TO_32_BIT_CONVERSION = YES;
				GCC_WARN_ABOUT_RETURN_TYPE = YES_ERROR;
				GCC_WARN_UNDECLARED_SELECTOR = YES;
				GCC_WARN_UNINITIALIZED_AUTOS = YES_AGGRESSIVE;
				GCC_WARN_UNUSED_FUNCTION = YES;
				GCC_WARN_UNUSED_VARIABLE = YES;
				IPHONEOS_DEPLOYMENT_TARGET = 15.0;
				LOCALIZATION_PREFERS_STRING_CATALOGS = YES;
				MTL_ENABLE_DEBUG_INFO = NO;
				MTL_FAST_MATH = YES;
				SDKROOT = iphoneos;
				SWIFT_COMPILATION_MODE = wholemodule;
				VALIDATE_PRODUCT = YES;
			};
			name = Release;
		};
		8B8012A12C93185200E8AADD /* Debug */ = {
			isa = XCBuildConfiguration;
			buildSettings = {
				ASSETCATALOG_COMPILER_APPICON_NAME = AppIcon;
				ASSETCATALOG_COMPILER_GLOBAL_ACCENT_COLOR_NAME = AccentColor;
				CODE_SIGN_STYLE = Automatic;
				CURRENT_PROJECT_VERSION = 1;
				DEVELOPMENT_ASSET_PATHS = "\"MorningGlory/Preview Content\"";
				DEVELOPMENT_TEAM = 83K785968Z;
				ENABLE_PREVIEWS = YES;
				GENERATE_INFOPLIST_FILE = YES;
				INFOPLIST_FILE = MorningGlory/Info.plist;
				INFOPLIST_KEY_CFBundleDisplayName = "모닝글로리";
				INFOPLIST_KEY_LSApplicationCategoryType = "";
				INFOPLIST_KEY_NSCameraUsageDescription = "카메라 접근에 허용하시겠습니까?";
				INFOPLIST_KEY_NSLocationWhenInUseUsageDescription = "위치정보를 받아 그 위치에 해당하는 날씨 표현";
				INFOPLIST_KEY_NSPhotoLibraryAddUsageDescription = "사진 접근에 허용하시겠습니까?";
				INFOPLIST_KEY_UIApplicationSceneManifest_Generation = YES;
				INFOPLIST_KEY_UIApplicationSupportsIndirectInputEvents = YES;
				INFOPLIST_KEY_UILaunchScreen_Generation = YES;
				INFOPLIST_KEY_UISupportedInterfaceOrientations = UIInterfaceOrientationPortrait;
				INFOPLIST_KEY_UISupportedInterfaceOrientations_iPad = UIInterfaceOrientationPortrait;
				IPHONEOS_DEPLOYMENT_TARGET = 15.0;
				LD_RUNPATH_SEARCH_PATHS = (
					"$(inherited)",
					"@executable_path/Frameworks",
				);
				MARKETING_VERSION = 1.0;
				PRODUCT_BUNDLE_IDENTIFIER = com.DS.MorningGlory;
				PRODUCT_NAME = "$(TARGET_NAME)";
				SUPPORTED_PLATFORMS = "iphoneos iphonesimulator";
				SUPPORTS_MACCATALYST = NO;
				SUPPORTS_MAC_DESIGNED_FOR_IPHONE_IPAD = NO;
				SUPPORTS_XR_DESIGNED_FOR_IPHONE_IPAD = NO;
				SWIFT_EMIT_LOC_STRINGS = YES;
				SWIFT_VERSION = 5.0;
				TARGETED_DEVICE_FAMILY = 1;
			};
			name = Debug;
		};
		8B8012A22C93185200E8AADD /* Release */ = {
			isa = XCBuildConfiguration;
			buildSettings = {
				ASSETCATALOG_COMPILER_APPICON_NAME = AppIcon;
				ASSETCATALOG_COMPILER_GLOBAL_ACCENT_COLOR_NAME = AccentColor;
				CODE_SIGN_STYLE = Automatic;
				CURRENT_PROJECT_VERSION = 1;
				DEVELOPMENT_ASSET_PATHS = "\"MorningGlory/Preview Content\"";
				DEVELOPMENT_TEAM = 83K785968Z;
				ENABLE_PREVIEWS = YES;
				GENERATE_INFOPLIST_FILE = YES;
				INFOPLIST_FILE = MorningGlory/Info.plist;
				INFOPLIST_KEY_CFBundleDisplayName = "모닝글로리";
				INFOPLIST_KEY_LSApplicationCategoryType = "";
				INFOPLIST_KEY_NSCameraUsageDescription = "카메라 접근에 허용하시겠습니까?";
				INFOPLIST_KEY_NSLocationWhenInUseUsageDescription = "위치정보를 받아 그 위치에 해당하는 날씨 표현";
				INFOPLIST_KEY_NSPhotoLibraryAddUsageDescription = "사진 접근에 허용하시겠습니까?";
				INFOPLIST_KEY_UIApplicationSceneManifest_Generation = YES;
				INFOPLIST_KEY_UIApplicationSupportsIndirectInputEvents = YES;
				INFOPLIST_KEY_UILaunchScreen_Generation = YES;
				INFOPLIST_KEY_UISupportedInterfaceOrientations = UIInterfaceOrientationPortrait;
				INFOPLIST_KEY_UISupportedInterfaceOrientations_iPad = UIInterfaceOrientationPortrait;
				IPHONEOS_DEPLOYMENT_TARGET = 15.0;
				LD_RUNPATH_SEARCH_PATHS = (
					"$(inherited)",
					"@executable_path/Frameworks",
				);
				MARKETING_VERSION = 1.0;
				PRODUCT_BUNDLE_IDENTIFIER = com.DS.MorningGlory;
				PRODUCT_NAME = "$(TARGET_NAME)";
				SUPPORTED_PLATFORMS = "iphoneos iphonesimulator";
				SUPPORTS_MACCATALYST = NO;
				SUPPORTS_MAC_DESIGNED_FOR_IPHONE_IPAD = NO;
				SUPPORTS_XR_DESIGNED_FOR_IPHONE_IPAD = NO;
				SWIFT_EMIT_LOC_STRINGS = YES;
				SWIFT_VERSION = 5.0;
				TARGETED_DEVICE_FAMILY = 1;
			};
			name = Release;
		};
/* End XCBuildConfiguration section */

/* Begin XCConfigurationList section */
		8B80128D2C93185000E8AADD /* Build configuration list for PBXProject "MorningGlory" */ = {
			isa = XCConfigurationList;
			buildConfigurations = (
				8B80129E2C93185200E8AADD /* Debug */,
				8B80129F2C93185200E8AADD /* Release */,
			);
			defaultConfigurationIsVisible = 0;
			defaultConfigurationName = Release;
		};
		8B8012A02C93185200E8AADD /* Build configuration list for PBXNativeTarget "MorningGlory" */ = {
			isa = XCConfigurationList;
			buildConfigurations = (
				8B8012A12C93185200E8AADD /* Debug */,
				8B8012A22C93185200E8AADD /* Release */,
			);
			defaultConfigurationIsVisible = 0;
			defaultConfigurationName = Release;
		};
/* End XCConfigurationList section */

/* Begin XCRemoteSwiftPackageReference section */
		8BA3D8402CA55B580020D5B1 /* XCRemoteSwiftPackageReference "realm-swift" */ = {
			isa = XCRemoteSwiftPackageReference;
			repositoryURL = "https://github.com/realm/realm-swift.git";
			requirement = {
				kind = exactVersion;
				version = 10.52.0;
			};
		};
		8BA3D8432CA55B710020D5B1 /* XCRemoteSwiftPackageReference "Toast-Swift" */ = {
			isa = XCRemoteSwiftPackageReference;
			repositoryURL = "https://github.com/scalessec/Toast-Swift.git";
			requirement = {
				kind = upToNextMajorVersion;
				minimumVersion = 5.1.1;
			};
		};
		8BA3D8462CA55B810020D5B1 /* XCRemoteSwiftPackageReference "Alamofire" */ = {
			isa = XCRemoteSwiftPackageReference;
			repositoryURL = "https://github.com/Alamofire/Alamofire.git";
			requirement = {
				kind = upToNextMajorVersion;
				minimumVersion = 5.9.1;
			};
		};
		8BA3D8492CA55B8B0020D5B1 /* XCRemoteSwiftPackageReference "IQKeyboardManager" */ = {
			isa = XCRemoteSwiftPackageReference;
			repositoryURL = "https://github.com/hackiftekhar/IQKeyboardManager.git";
			requirement = {
				kind = upToNextMajorVersion;
				minimumVersion = 7.1.1;
			};
		};
		8BA3D84C2CA55BB50020D5B1 /* XCRemoteSwiftPackageReference "firebase-ios-sdk" */ = {
			isa = XCRemoteSwiftPackageReference;
			repositoryURL = "https://github.com/firebase/firebase-ios-sdk";
			requirement = {
				kind = upToNextMajorVersion;
				minimumVersion = 11.2.0;
			};
		};
		8BA3D8512CA55C910020D5B1 /* XCRemoteSwiftPackageReference "PopupView" */ = {
			isa = XCRemoteSwiftPackageReference;
			repositoryURL = "https://github.com/exyte/PopupView.git";
			requirement = {
				kind = exactVersion;
				version = 3.1.0;
			};
		};
/* End XCRemoteSwiftPackageReference section */

/* Begin XCSwiftPackageProductDependency section */
		8BA3D8412CA55B580020D5B1 /* RealmSwift */ = {
			isa = XCSwiftPackageProductDependency;
			package = 8BA3D8402CA55B580020D5B1 /* XCRemoteSwiftPackageReference "realm-swift" */;
			productName = RealmSwift;
		};
		8BA3D8442CA55B710020D5B1 /* Toast */ = {
			isa = XCSwiftPackageProductDependency;
			package = 8BA3D8432CA55B710020D5B1 /* XCRemoteSwiftPackageReference "Toast-Swift" */;
			productName = Toast;
		};
		8BA3D8472CA55B810020D5B1 /* Alamofire */ = {
			isa = XCSwiftPackageProductDependency;
			package = 8BA3D8462CA55B810020D5B1 /* XCRemoteSwiftPackageReference "Alamofire" */;
			productName = Alamofire;
		};
		8BA3D84A2CA55B8B0020D5B1 /* IQKeyboardManagerSwift */ = {
			isa = XCSwiftPackageProductDependency;
			package = 8BA3D8492CA55B8B0020D5B1 /* XCRemoteSwiftPackageReference "IQKeyboardManager" */;
			productName = IQKeyboardManagerSwift;
		};
		8BA3D84D2CA55BB50020D5B1 /* FirebaseAnalyticsWithoutAdIdSupport */ = {
			isa = XCSwiftPackageProductDependency;
			package = 8BA3D84C2CA55BB50020D5B1 /* XCRemoteSwiftPackageReference "firebase-ios-sdk" */;
			productName = FirebaseAnalyticsWithoutAdIdSupport;
		};
		8BA3D84F2CA55BB50020D5B1 /* FirebaseCrashlytics */ = {
			isa = XCSwiftPackageProductDependency;
			package = 8BA3D84C2CA55BB50020D5B1 /* XCRemoteSwiftPackageReference "firebase-ios-sdk" */;
			productName = FirebaseCrashlytics;
		};
		8BA3D8522CA55C910020D5B1 /* PopupView */ = {
			isa = XCSwiftPackageProductDependency;
			package = 8BA3D8512CA55C910020D5B1 /* XCRemoteSwiftPackageReference "PopupView" */;
			productName = PopupView;
		};
/* End XCSwiftPackageProductDependency section */
	};
	rootObject = 8B80128A2C93185000E8AADD /* Project object */;
}
